
Microsoft Visual Studio Solution File, Format Version 12.00
# Visual Studio 2012
Project("{FAE04EC0-301F-11D3-BF4B-00C04F79EFBC}") = "ConsoleTools", "ConsoleTools\ConsoleTools.csproj", "{DEA35913-D9F9-4671-8C84-56DE3D6EE07A}"
EndProject
Project("{FAE04EC0-301F-11D3-BF4B-00C04F79EFBC}") = "ConsoleTools.Tests", "ConsoleTools.Tests\ConsoleTools.Tests.csproj", "{74511569-F40C-465F-B215-4B94532CA85B}"
EndProject
Project("{FAE04EC0-301F-11D3-BF4B-00C04F79EFBC}") = "ConsoleTools.Example", "ConsoleTools.Example\ConsoleTools.Example.csproj", "{D3F514BC-A1AD-4DC5-9673-32719C5AE503}"
EndProject
Global
	GlobalSection(SolutionConfigurationPlatforms) = preSolution
		Debug|Any CPU = Debug|Any CPU
		Release|Any CPU = Release|Any CPU
	EndGlobalSection
	GlobalSection(ProjectConfigurationPlatforms) = postSolution
		{DEA35913-D9F9-4671-8C84-56DE3D6EE07A}.Debug|Any CPU.ActiveCfg = Debug|Any CPU
		{DEA35913-D9F9-4671-8C84-56DE3D6EE07A}.Debug|Any CPU.Build.0 = Debug|Any CPU
		{DEA35913-D9F9-4671-8C84-56DE3D6EE07A}.Release|Any CPU.ActiveCfg = Release|Any CPU
		{DEA35913-D9F9-4671-8C84-56DE3D6EE07A}.Release|Any CPU.Build.0 = Release|Any CPU
		{74511569-F40C-465F-B215-4B94532CA85B}.Debug|Any CPU.ActiveCfg = Debug|Any CPU
		{74511569-F40C-465F-B215-4B94532CA85B}.Debug|Any CPU.Build.0 = Debug|Any CPU
		{74511569-F40C-465F-B215-4B94532CA85B}.Release|Any CPU.ActiveCfg = Release|Any CPU
		{74511569-F40C-465F-B215-4B94532CA85B}.Release|Any CPU.Build.0 = Release|Any CPU
		{D3F514BC-A1AD-4DC5-9673-32719C5AE503}.Debug|Any CPU.ActiveCfg = Debug|Any CPU
		{D3F514BC-A1AD-4DC5-9673-32719C5AE503}.Debug|Any CPU.Build.0 = Debug|Any CPU
		{D3F514BC-A1AD-4DC5-9673-32719C5AE503}.Release|Any CPU.ActiveCfg = Release|Any CPU
		{D3F514BC-A1AD-4DC5-9673-32719C5AE503}.Release|Any CPU.Build.0 = Release|Any CPU
	EndGlobalSection
	GlobalSection(SolutionProperties) = preSolution
		HideSolutionNode = FALSE
	EndGlobalSection
EndGlobal
